// !$*UTF8*$!
{
	archiveVersion = 1;
	classes = {
	};
	objectVersion = 55;
	objects = {

/* Begin PBXBuildFile section */
		880354E128556E0D00EA2404 /* UIViewExtension Rounding.swift in Sources */ = {isa = PBXBuildFile; fileRef = 880354E028556E0D00EA2404 /* UIViewExtension Rounding.swift */; };
		880354E428556E5C00EA2404 /* CustomTableViewCell.swift in Sources */ = {isa = PBXBuildFile; fileRef = 880354E328556E5C00EA2404 /* CustomTableViewCell.swift */; };
		880354E628557D6600EA2404 /* Date Extension.swift in Sources */ = {isa = PBXBuildFile; fileRef = 880354E528557D6600EA2404 /* Date Extension.swift */; };
		88CE48E828552B1400BB30C0 /* AppDelegate.swift in Sources */ = {isa = PBXBuildFile; fileRef = 88CE48E728552B1400BB30C0 /* AppDelegate.swift */; };
		88CE48EA28552B1400BB30C0 /* SceneDelegate.swift in Sources */ = {isa = PBXBuildFile; fileRef = 88CE48E928552B1400BB30C0 /* SceneDelegate.swift */; };
		88CE48EC28552B1400BB30C0 /* PendingViewController.swift in Sources */ = {isa = PBXBuildFile; fileRef = 88CE48EB28552B1400BB30C0 /* PendingViewController.swift */; };
		88CE48EF28552B1400BB30C0 /* Main.storyboard in Resources */ = {isa = PBXBuildFile; fileRef = 88CE48ED28552B1400BB30C0 /* Main.storyboard */; };
		88CE48F128552B1500BB30C0 /* Assets.xcassets in Resources */ = {isa = PBXBuildFile; fileRef = 88CE48F028552B1500BB30C0 /* Assets.xcassets */; };
		88CE48F428552B1500BB30C0 /* LaunchScreen.storyboard in Resources */ = {isa = PBXBuildFile; fileRef = 88CE48F228552B1500BB30C0 /* LaunchScreen.storyboard */; };
		88CE48FC2855646C00BB30C0 /* Task.swift in Sources */ = {isa = PBXBuildFile; fileRef = 88CE48FB2855646C00BB30C0 /* Task.swift */; };
		88CE49012855654C00BB30C0 /* CompletedViewController.swift in Sources */ = {isa = PBXBuildFile; fileRef = 88CE49002855654C00BB30C0 /* CompletedViewController.swift */; };
		88CE49092855659500BB30C0 /* OverdueViewController.swift in Sources */ = {isa = PBXBuildFile; fileRef = 88CE49082855659500BB30C0 /* OverdueViewController.swift */; };
/* End PBXBuildFile section */

/* Begin PBXFileReference section */
		880354E028556E0D00EA2404 /* UIViewExtension Rounding.swift */ = {isa = PBXFileReference; lastKnownFileType = sourcecode.swift; path = "UIViewExtension Rounding.swift"; sourceTree = "<group>"; };
		880354E328556E5C00EA2404 /* CustomTableViewCell.swift */ = {isa = PBXFileReference; lastKnownFileType = sourcecode.swift; path = CustomTableViewCell.swift; sourceTree = "<group>"; };
		880354E528557D6600EA2404 /* Date Extension.swift */ = {isa = PBXFileReference; lastKnownFileType = sourcecode.swift; path = "Date Extension.swift"; sourceTree = "<group>"; };
		88CE48E428552B1400BB30C0 /* ToDo-App.app */ = {isa = PBXFileReference; explicitFileType = wrapper.application; includeInIndex = 0; path = "ToDo-App.app"; sourceTree = BUILT_PRODUCTS_DIR; };
		88CE48E728552B1400BB30C0 /* AppDelegate.swift */ = {isa = PBXFileReference; lastKnownFileType = sourcecode.swift; path = AppDelegate.swift; sourceTree = "<group>"; };
		88CE48E928552B1400BB30C0 /* SceneDelegate.swift */ = {isa = PBXFileReference; lastKnownFileType = sourcecode.swift; path = SceneDelegate.swift; sourceTree = "<group>"; };
		88CE48EB28552B1400BB30C0 /* PendingViewController.swift */ = {isa = PBXFileReference; lastKnownFileType = sourcecode.swift; path = PendingViewController.swift; sourceTree = "<group>"; };
		88CE48EE28552B1400BB30C0 /* Base */ = {isa = PBXFileReference; lastKnownFileType = file.storyboard; name = Base; path = Base.lproj/Main.storyboard; sourceTree = "<group>"; };
		88CE48F028552B1500BB30C0 /* Assets.xcassets */ = {isa = PBXFileReference; lastKnownFileType = folder.assetcatalog; path = Assets.xcassets; sourceTree = "<group>"; };
		88CE48F328552B1500BB30C0 /* Base */ = {isa = PBXFileReference; lastKnownFileType = file.storyboard; name = Base; path = Base.lproj/LaunchScreen.storyboard; sourceTree = "<group>"; };
		88CE48F528552B1500BB30C0 /* Info.plist */ = {isa = PBXFileReference; lastKnownFileType = text.plist.xml; path = Info.plist; sourceTree = "<group>"; };
		88CE48FB2855646C00BB30C0 /* Task.swift */ = {isa = PBXFileReference; lastKnownFileType = sourcecode.swift; path = Task.swift; sourceTree = "<group>"; };
		88CE49002855654C00BB30C0 /* CompletedViewController.swift */ = {isa = PBXFileReference; lastKnownFileType = sourcecode.swift; path = CompletedViewController.swift; sourceTree = "<group>"; };
		88CE49082855659500BB30C0 /* OverdueViewController.swift */ = {isa = PBXFileReference; lastKnownFileType = sourcecode.swift; path = OverdueViewController.swift; sourceTree = "<group>"; };
/* End PBXFileReference section */

/* Begin PBXFrameworksBuildPhase section */
		88CE48E128552B1400BB30C0 /* Frameworks */ = {
			isa = PBXFrameworksBuildPhase;
			buildActionMask = 2147483647;
			files = (
			);
			runOnlyForDeploymentPostprocessing = 0;
		};
/* End PBXFrameworksBuildPhase section */

/* Begin PBXGroup section */
		880354DF28556DF500EA2404 /* Extensions */ = {
			isa = PBXGroup;
			children = (
				880354E028556E0D00EA2404 /* UIViewExtension Rounding.swift */,
				880354E528557D6600EA2404 /* Date Extension.swift */,
			);
			path = Extensions;
			sourceTree = "<group>";
		};
		880354E228556E4100EA2404 /* CustomViews */ = {
			isa = PBXGroup;
			children = (
				880354E328556E5C00EA2404 /* CustomTableViewCell.swift */,
			);
			path = CustomViews;
			sourceTree = "<group>";
		};
		88CE48DB28552B1400BB30C0 = {
			isa = PBXGroup;
			children = (
				88CE48E628552B1400BB30C0 /* ToDo-App */,
				88CE48E528552B1400BB30C0 /* Products */,
			);
			sourceTree = "<group>";
		};
		88CE48E528552B1400BB30C0 /* Products */ = {
			isa = PBXGroup;
			children = (
				88CE48E428552B1400BB30C0 /* ToDo-App.app */,
			);
			name = Products;
			sourceTree = "<group>";
		};
		88CE48E628552B1400BB30C0 /* ToDo-App */ = {
			isa = PBXGroup;
			children = (
				880354DF28556DF500EA2404 /* Extensions */,
				88CE48E728552B1400BB30C0 /* AppDelegate.swift */,
				88CE48E928552B1400BB30C0 /* SceneDelegate.swift */,
				88CE48ED28552B1400BB30C0 /* Main.storyboard */,
				88CE48F228552B1500BB30C0 /* LaunchScreen.storyboard */,
				88CE48F028552B1500BB30C0 /* Assets.xcassets */,
				88CE48F528552B1500BB30C0 /* Info.plist */,
				880354E228556E4100EA2404 /* CustomViews */,
				88CE48FE285564EF00BB30C0 /* Views */,
				88CE48FD2855647300BB30C0 /* Models */,
			);
			path = "ToDo-App";
			sourceTree = "<group>";
		};
		88CE48FD2855647300BB30C0 /* Models */ = {
			isa = PBXGroup;
			children = (
				88CE48FB2855646C00BB30C0 /* Task.swift */,
			);
			path = Models;
			sourceTree = "<group>";
		};
		88CE48FE285564EF00BB30C0 /* Views */ = {
			isa = PBXGroup;
			children = (
				88CE49042855656000BB30C0 /* Overdue */,
				88CE49032855655B00BB30C0 /* Completed */,
				88CE49022855655500BB30C0 /* Pending */,
			);
			path = Views;
			sourceTree = "<group>";
		};
		88CE49022855655500BB30C0 /* Pending */ = {
			isa = PBXGroup;
			children = (
				88CE48EB28552B1400BB30C0 /* PendingViewController.swift */,
			);
			path = Pending;
			sourceTree = "<group>";
		};
		88CE49032855655B00BB30C0 /* Completed */ = {
			isa = PBXGroup;
			children = (
				88CE49002855654C00BB30C0 /* CompletedViewController.swift */,
			);
			path = Completed;
			sourceTree = "<group>";
		};
		88CE49042855656000BB30C0 /* Overdue */ = {
			isa = PBXGroup;
			children = (
				88CE49082855659500BB30C0 /* OverdueViewController.swift */,
			);
			path = Overdue;
			sourceTree = "<group>";
		};
/* End PBXGroup section */

/* Begin PBXNativeTarget section */
		88CE48E328552B1400BB30C0 /* ToDo-App */ = {
			isa = PBXNativeTarget;
			buildConfigurationList = 88CE48F828552B1500BB30C0 /* Build configuration list for PBXNativeTarget "ToDo-App" */;
			buildPhases = (
				88CE48E028552B1400BB30C0 /* Sources */,
				88CE48E128552B1400BB30C0 /* Frameworks */,
				88CE48E228552B1400BB30C0 /* Resources */,
			);
			buildRules = (
			);
			dependencies = (
			);
			name = "ToDo-App";
			productName = "ToDo-App";
			productReference = 88CE48E428552B1400BB30C0 /* ToDo-App.app */;
			productType = "com.apple.product-type.application";
		};
/* End PBXNativeTarget section */

/* Begin PBXProject section */
		88CE48DC28552B1400BB30C0 /* Project object */ = {
			isa = PBXProject;
			attributes = {
				BuildIndependentTargetsInParallel = 1;
				LastSwiftUpdateCheck = 1340;
				LastUpgradeCheck = 1340;
				TargetAttributes = {
					88CE48E328552B1400BB30C0 = {
						CreatedOnToolsVersion = 13.4;
					};
				};
			};
			buildConfigurationList = 88CE48DF28552B1400BB30C0 /* Build configuration list for PBXProject "ToDo-App" */;
			compatibilityVersion = "Xcode 13.0";
			developmentRegion = en;
			hasScannedForEncodings = 0;
			knownRegions = (
				en,
				Base,
			);
			mainGroup = 88CE48DB28552B1400BB30C0;
			productRefGroup = 88CE48E528552B1400BB30C0 /* Products */;
			projectDirPath = "";
			projectRoot = "";
			targets = (
				88CE48E328552B1400BB30C0 /* ToDo-App */,
			);
		};
/* End PBXProject section */

/* Begin PBXResourcesBuildPhase section */
		88CE48E228552B1400BB30C0 /* Resources */ = {
			isa = PBXResourcesBuildPhase;
			buildActionMask = 2147483647;
			files = (
				88CE48F428552B1500BB30C0 /* LaunchScreen.storyboard in Resources */,
				88CE48F128552B1500BB30C0 /* Assets.xcassets in Resources */,
				88CE48EF28552B1400BB30C0 /* Main.storyboard in Resources */,
			);
			runOnlyForDeploymentPostprocessing = 0;
		};
/* End PBXResourcesBuildPhase section */

/* Begin PBXSourcesBuildPhase section */
		88CE48E028552B1400BB30C0 /* Sources */ = {
			isa = PBXSourcesBuildPhase;
			buildActionMask = 2147483647;
			files = (
				88CE48FC2855646C00BB30C0 /* Task.swift in Sources */,
				88CE48EC28552B1400BB30C0 /* PendingViewController.swift in Sources */,
				880354E428556E5C00EA2404 /* CustomTableViewCell.swift in Sources */,
				88CE48E828552B1400BB30C0 /* AppDelegate.swift in Sources */,
				880354E128556E0D00EA2404 /* UIViewExtension Rounding.swift in Sources */,
				88CE49012855654C00BB30C0 /* CompletedViewController.swift in Sources */,
				880354E628557D6600EA2404 /* Date Extension.swift in Sources */,
				88CE48EA28552B1400BB30C0 /* SceneDelegate.swift in Sources */,
				88CE49092855659500BB30C0 /* OverdueViewController.swift in Sources */,
			);
			runOnlyForDeploymentPostprocessing = 0;
		};
/* End PBXSourcesBuildPhase section */

/* Begin PBXVariantGroup section */
		88CE48ED28552B1400BB30C0 /* Main.storyboard */ = {
			isa = PBXVariantGroup;
			children = (
				88CE48EE28552B1400BB30C0 /* Base */,
			);
			name = Main.storyboard;
			sourceTree = "<group>";
		};
		88CE48F228552B1500BB30C0 /* LaunchScreen.storyboard */ = {
			isa = PBXVariantGroup;
			children = (
				88CE48F328552B1500BB30C0 /* Base */,
			);
			name = LaunchScreen.storyboard;
			sourceTree = "<group>";
		};
/* End PBXVariantGroup section */

/* Begin XCBuildConfiguration section */
		88CE48F628552B1500BB30C0 /* Debug */ = {
			isa = XCBuildConfiguration;
			buildSettings = {
				ALWAYS_SEARCH_USER_PATHS = NO;
				CLANG_ANALYZER_NONNULL = YES;
				CLANG_ANALYZER_NUMBER_OBJECT_CONVERSION = YES_AGGRESSIVE;
				CLANG_CXX_LANGUAGE_STANDARD = "gnu++17";
				CLANG_ENABLE_MODULES = YES;
				CLANG_ENABLE_OBJC_ARC = YES;
				CLANG_ENABLE_OBJC_WEAK = YES;
				CLANG_WARN_BLOCK_CAPTURE_AUTORELEASING = YES;
				CLANG_WARN_BOOL_CONVERSION = YES;
				CLANG_WARN_COMMA = YES;
				CLANG_WARN_CONSTANT_CONVERSION = YES;
				CLANG_WARN_DEPRECATED_OBJC_IMPLEMENTATIONS = YES;
				CLANG_WARN_DIRECT_OBJC_ISA_USAGE = YES_ERROR;
				CLANG_WARN_DOCUMENTATION_COMMENTS = YES;
				CLANG_WARN_EMPTY_BODY = YES;
				CLANG_WARN_ENUM_CONVERSION = YES;
				CLANG_WARN_INFINITE_RECURSION = YES;
				CLANG_WARN_INT_CONVERSION = YES;
				CLANG_WARN_NON_LITERAL_NULL_CONVERSION = YES;
				CLANG_WARN_OBJC_IMPLICIT_RETAIN_SELF = YES;
				CLANG_WARN_OBJC_LITERAL_CONVERSION = YES;
				CLANG_WARN_OBJC_ROOT_CLASS = YES_ERROR;
				CLANG_WARN_QUOTED_INCLUDE_IN_FRAMEWORK_HEADER = YES;
				CLANG_WARN_RANGE_LOOP_ANALYSIS = YES;
				CLANG_WARN_STRICT_PROTOTYPES = YES;
				CLANG_WARN_SUSPICIOUS_MOVE = YES;
				CLANG_WARN_UNGUARDED_AVAILABILITY = YES_AGGRESSIVE;
				CLANG_WARN_UNREACHABLE_CODE = YES;
				CLANG_WARN__DUPLICATE_METHOD_MATCH = YES;
				COPY_PHASE_STRIP = NO;
				DEBUG_INFORMATION_FORMAT = dwarf;
				ENABLE_STRICT_OBJC_MSGSEND = YES;
				ENABLE_TESTABILITY = YES;
				GCC_C_LANGUAGE_STANDARD = gnu11;
				GCC_DYNAMIC_NO_PIC = NO;
				GCC_NO_COMMON_BLOCKS = YES;
				GCC_OPTIMIZATION_LEVEL = 0;
				GCC_PREPROCESSOR_DEFINITIONS = (
					"DEBUG=1",
					"$(inherited)",
				);
				GCC_WARN_64_TO_32_BIT_CONVERSION = YES;
				GCC_WARN_ABOUT_RETURN_TYPE = YES_ERROR;
				GCC_WARN_UNDECLARED_SELECTOR = YES;
				GCC_WARN_UNINITIALIZED_AUTOS = YES_AGGRESSIVE;
				GCC_WARN_UNUSED_FUNCTION = YES;
				GCC_WARN_UNUSED_VARIABLE = YES;
				IPHONEOS_DEPLOYMENT_TARGET = 15.5;
				MTL_ENABLE_DEBUG_INFO = INCLUDE_SOURCE;
				MTL_FAST_MATH = YES;
				ONLY_ACTIVE_ARCH = YES;
				SDKROOT = iphoneos;
				SWIFT_ACTIVE_COMPILATION_CONDITIONS = DEBUG;
				SWIFT_OPTIMIZATION_LEVEL = "-Onone";
			};
			name = Debug;
		};
		88CE48F728552B1500BB30C0 /* Release */ = {
			isa = XCBuildConfiguration;
			buildSettings = {
				ALWAYS_SEARCH_USER_PATHS = NO;
				CLANG_ANALYZER_NONNULL = YES;
				CLANG_ANALYZER_NUMBER_OBJECT_CONVERSION = YES_AGGRESSIVE;
				CLANG_CXX_LANGUAGE_STANDARD = "gnu++17";
				CLANG_ENABLE_MODULES = YES;
				CLANG_ENABLE_OBJC_ARC = YES;
				CLANG_ENABLE_OBJC_WEAK = YES;
				CLANG_WARN_BLOCK_CAPTURE_AUTORELEASING = YES;
				CLANG_WARN_BOOL_CONVERSION = YES;
				CLANG_WARN_COMMA = YES;
				CLANG_WARN_CONSTANT_CONVERSION = YES;
				CLANG_WARN_DEPRECATED_OBJC_IMPLEMENTATIONS = YES;
				CLANG_WARN_DIRECT_OBJC_ISA_USAGE = YES_ERROR;
				CLANG_WARN_DOCUMENTATION_COMMENTS = YES;
				CLANG_WARN_EMPTY_BODY = YES;
				CLANG_WARN_ENUM_CONVERSION = YES;
				CLANG_WARN_INFINITE_RECURSION = YES;
				CLANG_WARN_INT_CONVERSION = YES;
				CLANG_WARN_NON_LITERAL_NULL_CONVERSION = YES;
				CLANG_WARN_OBJC_IMPLICIT_RETAIN_SELF = YES;
				CLANG_WARN_OBJC_LITERAL_CONVERSION = YES;
				CLANG_WARN_OBJC_ROOT_CLASS = YES_ERROR;
				CLANG_WARN_QUOTED_INCLUDE_IN_FRAMEWORK_HEADER = YES;
				CLANG_WARN_RANGE_LOOP_ANALYSIS = YES;
				CLANG_WARN_STRICT_PROTOTYPES = YES;
				CLANG_WARN_SUSPICIOUS_MOVE = YES;
				CLANG_WARN_UNGUARDED_AVAILABILITY = YES_AGGRESSIVE;
				CLANG_WARN_UNREACHABLE_CODE = YES;
				CLANG_WARN__DUPLICATE_METHOD_MATCH = YES;
				COPY_PHASE_STRIP = NO;
				DEBUG_INFORMATION_FORMAT = "dwarf-with-dsym";
				ENABLE_NS_ASSERTIONS = NO;
				ENABLE_STRICT_OBJC_MSGSEND = YES;
				GCC_C_LANGUAGE_STANDARD = gnu11;
				GCC_NO_COMMON_BLOCKS = YES;
				GCC_WARN_64_TO_32_BIT_CONVERSION = YES;
				GCC_WARN_ABOUT_RETURN_TYPE = YES_ERROR;
				GCC_WARN_UNDECLARED_SELECTOR = YES;
				GCC_WARN_UNINITIALIZED_AUTOS = YES_AGGRESSIVE;
				GCC_WARN_UNUSED_FUNCTION = YES;
				GCC_WARN_UNUSED_VARIABLE = YES;
				IPHONEOS_DEPLOYMENT_TARGET = 15.5;
				MTL_ENABLE_DEBUG_INFO = NO;
				MTL_FAST_MATH = YES;
				SDKROOT = iphoneos;
				SWIFT_COMPILATION_MODE = wholemodule;
				SWIFT_OPTIMIZATION_LEVEL = "-O";
				VALIDATE_PRODUCT = YES;
			};
			name = Release;
		};
		88CE48F928552B1500BB30C0 /* Debug */ = {
			isa = XCBuildConfiguration;
			buildSettings = {
				ASSETCATALOG_COMPILER_APPICON_NAME = AppIcon;
				ASSETCATALOG_COMPILER_GLOBAL_ACCENT_COLOR_NAME = AccentColor;
				CODE_SIGN_STYLE = Automatic;
				CURRENT_PROJECT_VERSION = 1;
				DEVELOPMENT_TEAM = 2VL68VCH8T;
				GENERATE_INFOPLIST_FILE = YES;
				INFOPLIST_FILE = "ToDo-App/Info.plist";
				INFOPLIST_KEY_UIApplicationSupportsIndirectInputEvents = YES;
				INFOPLIST_KEY_UILaunchStoryboardName = LaunchScreen;
				INFOPLIST_KEY_UIMainStoryboardFile = Main;
				INFOPLIST_KEY_UISupportedInterfaceOrientations_iPad = "UIInterfaceOrientationPortrait UIInterfaceOrientationPortraitUpsideDown UIInterfaceOrientationLandscapeLeft UIInterfaceOrientationLandscapeRight";
				INFOPLIST_KEY_UISupportedInterfaceOrientations_iPhone = "UIInterfaceOrientationPortrait UIInterfaceOrientationLandscapeLeft UIInterfaceOrientationLandscapeRight";
				LD_RUNPATH_SEARCH_PATHS = (
					"$(inherited)",
					"@executable_path/Frameworks",
				);
				MARKETING_VERSION = 1.0;
				PRODUCT_BUNDLE_IDENTIFIER = "com.aminbagheri.ToDo-App";
				PRODUCT_NAME = "$(TARGET_NAME)";
				SWIFT_EMIT_LOC_STRINGS = YES;
				SWIFT_VERSION = 5.0;
				TARGETED_DEVICE_FAMILY = "1,2";
			};
			name = Debug;
		};
		88CE48FA28552B1500BB30C0 /* Release */ = {
			isa = XCBuildConfiguration;
			buildSettings = {
				ASSETCATALOG_COMPILER_APPICON_NAME = AppIcon;
				ASSETCATALOG_COMPILER_GLOBAL_ACCENT_COLOR_NAME = AccentColor;
				CODE_SIGN_STYLE = Automatic;
				CURRENT_PROJECT_VERSION = 1;
				DEVELOPMENT_TEAM = 2VL68VCH8T;
				GENERATE_INFOPLIST_FILE = YES;
				INFOPLIST_FILE = "ToDo-App/Info.plist";
				INFOPLIST_KEY_UIApplicationSupportsIndirectInputEvents = YES;
				INFOPLIST_KEY_UILaunchStoryboardName = LaunchScreen;
				INFOPLIST_KEY_UIMainStoryboardFile = Main;
				INFOPLIST_KEY_UISupportedInterfaceOrientations_iPad = "UIInterfaceOrientationPortrait UIInterfaceOrientationPortraitUpsideDown UIInterfaceOrientationLandscapeLeft UIInterfaceOrientationLandscapeRight";
				INFOPLIST_KEY_UISupportedInterfaceOrientations_iPhone = "UIInterfaceOrientationPortrait UIInterfaceOrientationLandscapeLeft UIInterfaceOrientationLandscapeRight";
				LD_RUNPATH_SEARCH_PATHS = (
					"$(inherited)",
					"@executable_path/Frameworks",
				);
				MARKETING_VERSION = 1.0;
				PRODUCT_BUNDLE_IDENTIFIER = "com.aminbagheri.ToDo-App";
				PRODUCT_NAME = "$(TARGET_NAME)";
				SWIFT_EMIT_LOC_STRINGS = YES;
				SWIFT_VERSION = 5.0;
				TARGETED_DEVICE_FAMILY = "1,2";
			};
			name = Release;
		};
/* End XCBuildConfiguration section */

/* Begin XCConfigurationList section */
		88CE48DF28552B1400BB30C0 /* Build configuration list for PBXProject "ToDo-App" */ = {
			isa = XCConfigurationList;
			buildConfigurations = (
				88CE48F628552B1500BB30C0 /* Debug */,
				88CE48F728552B1500BB30C0 /* Release */,
			);
			defaultConfigurationIsVisible = 0;
			defaultConfigurationName = Release;
		};
		88CE48F828552B1500BB30C0 /* Build configuration list for PBXNativeTarget "ToDo-App" */ = {
			isa = XCConfigurationList;
			buildConfigurations = (
				88CE48F928552B1500BB30C0 /* Debug */,
				88CE48FA28552B1500BB30C0 /* Release */,
			);
			defaultConfigurationIsVisible = 0;
			defaultConfigurationName = Release;
		};
/* End XCConfigurationList section */
	};
	rootObject = 88CE48DC28552B1400BB30C0 /* Project object */;
}
